// !$*UTF8*$!
{
	archiveVersion = 1;
	classes = {
	};
	objectVersion = 46;
	objects = {

/* Begin PBXBuildFile section */
		30B847FA1CBE597800D145BC /* AppDelegate.swift in Sources */ = {isa = PBXBuildFile; fileRef = 30B847F91CBE597800D145BC /* AppDelegate.swift */; };
		30B847FC1CBE597800D145BC /* ViewController.swift in Sources */ = {isa = PBXBuildFile; fileRef = 30B847FB1CBE597800D145BC /* ViewController.swift */; };
		30B847FE1CBE597800D145BC /* Assets.xcassets in Resources */ = {isa = PBXBuildFile; fileRef = 30B847FD1CBE597800D145BC /* Assets.xcassets */; };
		30B848011CBE597800D145BC /* Main.storyboard in Resources */ = {isa = PBXBuildFile; fileRef = 30B847FF1CBE597800D145BC /* Main.storyboard */; };
		30B8480C1CBE597800D145BC /* You_life_countTests.swift in Sources */ = {isa = PBXBuildFile; fileRef = 30B8480B1CBE597800D145BC /* You_life_countTests.swift */; };
		30B848171CBE597800D145BC /* You_life_countUITests.swift in Sources */ = {isa = PBXBuildFile; fileRef = 30B848161CBE597800D145BC /* You_life_countUITests.swift */; };
		30B8482B1CBEA00700D145BC /* DateManager.swift in Sources */ = {isa = PBXBuildFile; fileRef = 30B8482A1CBEA00700D145BC /* DateManager.swift */; };
		30B848311CBEEA6D00D145BC /* SettingsDelegate.swift in Sources */ = {isa = PBXBuildFile; fileRef = 30B848301CBEEA6D00D145BC /* SettingsDelegate.swift */; };
		30B8485F1CC12F3400D145BC /* status.eps in Resources */ = {isa = PBXBuildFile; fileRef = 30B8485E1CC12F3400D145BC /* status.eps */; };
/* End PBXBuildFile section */

/* Begin PBXContainerItemProxy section */
		30B848081CBE597800D145BC /* PBXContainerItemProxy */ = {
			isa = PBXContainerItemProxy;
			containerPortal = 30B847EE1CBE597800D145BC /* Project object */;
			proxyType = 1;
			remoteGlobalIDString = 30B847F51CBE597800D145BC;
			remoteInfo = "You life count";
		};
		30B848131CBE597800D145BC /* PBXContainerItemProxy */ = {
			isa = PBXContainerItemProxy;
			containerPortal = 30B847EE1CBE597800D145BC /* Project object */;
			proxyType = 1;
			remoteGlobalIDString = 30B847F51CBE597800D145BC;
			remoteInfo = "You life count";
		};
/* End PBXContainerItemProxy section */

/* Begin PBXFileReference section */
		30B847F61CBE597800D145BC /* You life count.app */ = {isa = PBXFileReference; explicitFileType = wrapper.application; includeInIndex = 0; path = "You life count.app"; sourceTree = BUILT_PRODUCTS_DIR; };
		30B847F91CBE597800D145BC /* AppDelegate.swift */ = {isa = PBXFileReference; lastKnownFileType = sourcecode.swift; path = AppDelegate.swift; sourceTree = "<group>"; };
		30B847FB1CBE597800D145BC /* ViewController.swift */ = {isa = PBXFileReference; lastKnownFileType = sourcecode.swift; path = ViewController.swift; sourceTree = "<group>"; };
		30B847FD1CBE597800D145BC /* Assets.xcassets */ = {isa = PBXFileReference; lastKnownFileType = folder.assetcatalog; path = Assets.xcassets; sourceTree = "<group>"; };
		30B848001CBE597800D145BC /* Base */ = {isa = PBXFileReference; lastKnownFileType = file.storyboard; name = Base; path = Base.lproj/Main.storyboard; sourceTree = "<group>"; };
		30B848021CBE597800D145BC /* Info.plist */ = {isa = PBXFileReference; lastKnownFileType = text.plist.xml; path = Info.plist; sourceTree = "<group>"; };
		30B848071CBE597800D145BC /* You life countTests.xctest */ = {isa = PBXFileReference; explicitFileType = wrapper.cfbundle; includeInIndex = 0; path = "You life countTests.xctest"; sourceTree = BUILT_PRODUCTS_DIR; };
		30B8480B1CBE597800D145BC /* You_life_countTests.swift */ = {isa = PBXFileReference; lastKnownFileType = sourcecode.swift; path = You_life_countTests.swift; sourceTree = "<group>"; };
		30B8480D1CBE597800D145BC /* Info.plist */ = {isa = PBXFileReference; lastKnownFileType = text.plist.xml; path = Info.plist; sourceTree = "<group>"; };
		30B848121CBE597800D145BC /* You life countUITests.xctest */ = {isa = PBXFileReference; explicitFileType = wrapper.cfbundle; includeInIndex = 0; path = "You life countUITests.xctest"; sourceTree = BUILT_PRODUCTS_DIR; };
		30B848161CBE597800D145BC /* You_life_countUITests.swift */ = {isa = PBXFileReference; lastKnownFileType = sourcecode.swift; path = You_life_countUITests.swift; sourceTree = "<group>"; };
		30B848181CBE597800D145BC /* Info.plist */ = {isa = PBXFileReference; lastKnownFileType = text.plist.xml; path = Info.plist; sourceTree = "<group>"; };
		30B8482A1CBEA00700D145BC /* DateManager.swift */ = {isa = PBXFileReference; fileEncoding = 4; lastKnownFileType = sourcecode.swift; path = DateManager.swift; sourceTree = "<group>"; };
		30B848301CBEEA6D00D145BC /* SettingsDelegate.swift */ = {isa = PBXFileReference; fileEncoding = 4; lastKnownFileType = sourcecode.swift; path = SettingsDelegate.swift; sourceTree = "<group>"; };
		30B8485E1CC12F3400D145BC /* status.eps */ = {isa = PBXFileReference; fileEncoding = 4; lastKnownFileType = text; path = status.eps; sourceTree = "<group>"; };
/* End PBXFileReference section */

/* Begin PBXFrameworksBuildPhase section */
		30B847F31CBE597800D145BC /* Frameworks */ = {
			isa = PBXFrameworksBuildPhase;
			buildActionMask = 2147483647;
			files = (
			);
			runOnlyForDeploymentPostprocessing = 0;
		};
		30B848041CBE597800D145BC /* Frameworks */ = {
			isa = PBXFrameworksBuildPhase;
			buildActionMask = 2147483647;
			files = (
			);
			runOnlyForDeploymentPostprocessing = 0;
		};
		30B8480F1CBE597800D145BC /* Frameworks */ = {
			isa = PBXFrameworksBuildPhase;
			buildActionMask = 2147483647;
			files = (
			);
			runOnlyForDeploymentPostprocessing = 0;
		};
/* End PBXFrameworksBuildPhase section */

/* Begin PBXGroup section */
		30B847ED1CBE597800D145BC = {
			isa = PBXGroup;
			children = (
				30B847F81CBE597800D145BC /* You life count */,
				30B8480A1CBE597800D145BC /* You life countTests */,
				30B848151CBE597800D145BC /* You life countUITests */,
				30B847F71CBE597800D145BC /* Products */,
			);
			sourceTree = "<group>";
		};
		30B847F71CBE597800D145BC /* Products */ = {
			isa = PBXGroup;
			children = (
				30B847F61CBE597800D145BC /* You life count.app */,
				30B848071CBE597800D145BC /* You life countTests.xctest */,
				30B848121CBE597800D145BC /* You life countUITests.xctest */,
			);
			name = Products;
			sourceTree = "<group>";
		};
		30B847F81CBE597800D145BC /* You life count */ = {
			isa = PBXGroup;
			children = (
				30B8485E1CC12F3400D145BC /* status.eps */,
				30B847F91CBE597800D145BC /* AppDelegate.swift */,
				30B847FB1CBE597800D145BC /* ViewController.swift */,
				30B8482A1CBEA00700D145BC /* DateManager.swift */,
				30B848301CBEEA6D00D145BC /* SettingsDelegate.swift */,
				30B847FD1CBE597800D145BC /* Assets.xcassets */,
				30B847FF1CBE597800D145BC /* Main.storyboard */,
				30B848021CBE597800D145BC /* Info.plist */,
			);
			path = "You life count";
			sourceTree = "<group>";
		};
		30B8480A1CBE597800D145BC /* You life countTests */ = {
			isa = PBXGroup;
			children = (
				30B8480B1CBE597800D145BC /* You_life_countTests.swift */,
				30B8480D1CBE597800D145BC /* Info.plist */,
			);
			path = "You life countTests";
			sourceTree = "<group>";
		};
		30B848151CBE597800D145BC /* You life countUITests */ = {
			isa = PBXGroup;
			children = (
				30B848161CBE597800D145BC /* You_life_countUITests.swift */,
				30B848181CBE597800D145BC /* Info.plist */,
			);
			path = "You life countUITests";
			sourceTree = "<group>";
		};
/* End PBXGroup section */

/* Begin PBXNativeTarget section */
		30B847F51CBE597800D145BC /* You life count */ = {
			isa = PBXNativeTarget;
			buildConfigurationList = 30B8481B1CBE597800D145BC /* Build configuration list for PBXNativeTarget "You life count" */;
			buildPhases = (
				30B847F21CBE597800D145BC /* Sources */,
				30B847F31CBE597800D145BC /* Frameworks */,
				30B847F41CBE597800D145BC /* Resources */,
			);
			buildRules = (
			);
			dependencies = (
			);
			name = "You life count";
			productName = "You life count";
			productReference = 30B847F61CBE597800D145BC /* You life count.app */;
			productType = "com.apple.product-type.application";
		};
		30B848061CBE597800D145BC /* You life countTests */ = {
			isa = PBXNativeTarget;
			buildConfigurationList = 30B8481E1CBE597800D145BC /* Build configuration list for PBXNativeTarget "You life countTests" */;
			buildPhases = (
				30B848031CBE597800D145BC /* Sources */,
				30B848041CBE597800D145BC /* Frameworks */,
				30B848051CBE597800D145BC /* Resources */,
			);
			buildRules = (
			);
			dependencies = (
				30B848091CBE597800D145BC /* PBXTargetDependency */,
			);
			name = "You life countTests";
			productName = "You life countTests";
			productReference = 30B848071CBE597800D145BC /* You life countTests.xctest */;
			productType = "com.apple.product-type.bundle.unit-test";
		};
		30B848111CBE597800D145BC /* You life countUITests */ = {
			isa = PBXNativeTarget;
			buildConfigurationList = 30B848211CBE597800D145BC /* Build configuration list for PBXNativeTarget "You life countUITests" */;
			buildPhases = (
				30B8480E1CBE597800D145BC /* Sources */,
				30B8480F1CBE597800D145BC /* Frameworks */,
				30B848101CBE597800D145BC /* Resources */,
			);
			buildRules = (
			);
			dependencies = (
				30B848141CBE597800D145BC /* PBXTargetDependency */,
			);
			name = "You life countUITests";
			productName = "You life countUITests";
			productReference = 30B848121CBE597800D145BC /* You life countUITests.xctest */;
			productType = "com.apple.product-type.bundle.ui-testing";
		};
/* End PBXNativeTarget section */

/* Begin PBXProject section */
		30B847EE1CBE597800D145BC /* Project object */ = {
			isa = PBXProject;
			attributes = {
				LastSwiftUpdateCheck = 0730;
				LastUpgradeCheck = 0730;
				ORGANIZATIONNAME = Roman;
				TargetAttributes = {
					30B847F51CBE597800D145BC = {
						CreatedOnToolsVersion = 7.3;
					};
					30B848061CBE597800D145BC = {
						CreatedOnToolsVersion = 7.3;
						TestTargetID = 30B847F51CBE597800D145BC;
					};
					30B848111CBE597800D145BC = {
						CreatedOnToolsVersion = 7.3;
						TestTargetID = 30B847F51CBE597800D145BC;
					};
				};
			};
			buildConfigurationList = 30B847F11CBE597800D145BC /* Build configuration list for PBXProject "You life count" */;
			compatibilityVersion = "Xcode 3.2";
			developmentRegion = English;
			hasScannedForEncodings = 0;
			knownRegions = (
				en,
				Base,
			);
			mainGroup = 30B847ED1CBE597800D145BC;
			productRefGroup = 30B847F71CBE597800D145BC /* Products */;
			projectDirPath = "";
			projectRoot = "";
			targets = (
				30B847F51CBE597800D145BC /* You life count */,
				30B848061CBE597800D145BC /* You life countTests */,
				30B848111CBE597800D145BC /* You life countUITests */,
			);
		};
/* End PBXProject section */

/* Begin PBXResourcesBuildPhase section */
		30B847F41CBE597800D145BC /* Resources */ = {
			isa = PBXResourcesBuildPhase;
			buildActionMask = 2147483647;
			files = (
				30B8485F1CC12F3400D145BC /* status.eps in Resources */,
				30B847FE1CBE597800D145BC /* Assets.xcassets in Resources */,
				30B848011CBE597800D145BC /* Main.storyboard in Resources */,
			);
			runOnlyForDeploymentPostprocessing = 0;
		};
		30B848051CBE597800D145BC /* Resources */ = {
			isa = PBXResourcesBuildPhase;
			buildActionMask = 2147483647;
			files = (
			);
			runOnlyForDeploymentPostprocessing = 0;
		};
		30B848101CBE597800D145BC /* Resources */ = {
			isa = PBXResourcesBuildPhase;
			buildActionMask = 2147483647;
			files = (
			);
			runOnlyForDeploymentPostprocessing = 0;
		};
/* End PBXResourcesBuildPhase section */

/* Begin PBXSourcesBuildPhase section */
		30B847F21CBE597800D145BC /* Sources */ = {
			isa = PBXSourcesBuildPhase;
			buildActionMask = 2147483647;
			files = (
				30B847FC1CBE597800D145BC /* ViewController.swift in Sources */,
				30B848311CBEEA6D00D145BC /* SettingsDelegate.swift in Sources */,
				30B8482B1CBEA00700D145BC /* DateManager.swift in Sources */,
				30B847FA1CBE597800D145BC /* AppDelegate.swift in Sources */,
			);
			runOnlyForDeploymentPostprocessing = 0;
		};
		30B848031CBE597800D145BC /* Sources */ = {
			isa = PBXSourcesBuildPhase;
			buildActionMask = 2147483647;
			files = (
				30B8480C1CBE597800D145BC /* You_life_countTests.swift in Sources */,
			);
			runOnlyForDeploymentPostprocessing = 0;
		};
		30B8480E1CBE597800D145BC /* Sources */ = {
			isa = PBXSourcesBuildPhase;
			buildActionMask = 2147483647;
			files = (
				30B848171CBE597800D145BC /* You_life_countUITests.swift in Sources */,
			);
			runOnlyForDeploymentPostprocessing = 0;
		};
/* End PBXSourcesBuildPhase section */

/* Begin PBXTargetDependency section */
		30B848091CBE597800D145BC /* PBXTargetDependency */ = {
			isa = PBXTargetDependency;
			target = 30B847F51CBE597800D145BC /* You life count */;
			targetProxy = 30B848081CBE597800D145BC /* PBXContainerItemProxy */;
		};
		30B848141CBE597800D145BC /* PBXTargetDependency */ = {
			isa = PBXTargetDependency;
			target = 30B847F51CBE597800D145BC /* You life count */;
			targetProxy = 30B848131CBE597800D145BC /* PBXContainerItemProxy */;
		};
/* End PBXTargetDependency section */

/* Begin PBXVariantGroup section */
		30B847FF1CBE597800D145BC /* Main.storyboard */ = {
			isa = PBXVariantGroup;
			children = (
				30B848001CBE597800D145BC /* Base */,
			);
			name = Main.storyboard;
			sourceTree = "<group>";
		};
/* End PBXVariantGroup section */

/* Begin XCBuildConfiguration section */
		30B848191CBE597800D145BC /* Debug */ = {
			isa = XCBuildConfiguration;
			buildSettings = {
				ALWAYS_SEARCH_USER_PATHS = NO;
				CLANG_ANALYZER_NONNULL = YES;
				CLANG_CXX_LANGUAGE_STANDARD = "gnu++0x";
				CLANG_CXX_LIBRARY = "libc++";
				CLANG_ENABLE_MODULES = YES;
				CLANG_ENABLE_OBJC_ARC = YES;
				CLANG_WARN_BOOL_CONVERSION = YES;
				CLANG_WARN_CONSTANT_CONVERSION = YES;
				CLANG_WARN_DIRECT_OBJC_ISA_USAGE = YES_ERROR;
				CLANG_WARN_EMPTY_BODY = YES;
				CLANG_WARN_ENUM_CONVERSION = YES;
				CLANG_WARN_INT_CONVERSION = YES;
				CLANG_WARN_OBJC_ROOT_CLASS = YES_ERROR;
				CLANG_WARN_UNREACHABLE_CODE = YES;
				CLANG_WARN__DUPLICATE_METHOD_MATCH = YES;
				CODE_SIGN_IDENTITY = "-";
				COPY_PHASE_STRIP = NO;
				DEBUG_INFORMATION_FORMAT = dwarf;
				ENABLE_STRICT_OBJC_MSGSEND = YES;
				ENABLE_TESTABILITY = YES;
				GCC_C_LANGUAGE_STANDARD = gnu99;
				GCC_DYNAMIC_NO_PIC = NO;
				GCC_NO_COMMON_BLOCKS = YES;
				GCC_OPTIMIZATION_LEVEL = 0;
				GCC_PREPROCESSOR_DEFINITIONS = (
					"DEBUG=1",
					"$(inherited)",
				);
				GCC_WARN_64_TO_32_BIT_CONVERSION = YES;
				GCC_WARN_ABOUT_RETURN_TYPE = YES_ERROR;
				GCC_WARN_UNDECLARED_SELECTOR = YES;
				GCC_WARN_UNINITIALIZED_AUTOS = YES_AGGRESSIVE;
				GCC_WARN_UNUSED_FUNCTION = YES;
				GCC_WARN_UNUSED_VARIABLE = YES;
				MACOSX_DEPLOYMENT_TARGET = 10.11;
				MTL_ENABLE_DEBUG_INFO = YES;
				ONLY_ACTIVE_ARCH = YES;
				SDKROOT = macosx;
				SWIFT_OPTIMIZATION_LEVEL = "-Onone";
			};
			name = Debug;
		};
		30B8481A1CBE597800D145BC /* Release */ = {
			isa = XCBuildConfiguration;
			buildSettings = {
				ALWAYS_SEARCH_USER_PATHS = NO;
				CLANG_ANALYZER_NONNULL = YES;
				CLANG_CXX_LANGUAGE_STANDARD = "gnu++0x";
				CLANG_CXX_LIBRARY = "libc++";
				CLANG_ENABLE_MODULES = YES;
				CLANG_ENABLE_OBJC_ARC = YES;
				CLANG_WARN_BOOL_CONVERSION = YES;
				CLANG_WARN_CONSTANT_CONVERSION = YES;
				CLANG_WARN_DIRECT_OBJC_ISA_USAGE = YES_ERROR;
				CLANG_WARN_EMPTY_BODY = YES;
				CLANG_WARN_ENUM_CONVERSION = YES;
				CLANG_WARN_INT_CONVERSION = YES;
				CLANG_WARN_OBJC_ROOT_CLASS = YES_ERROR;
				CLANG_WARN_UNREACHABLE_CODE = YES;
				CLANG_WARN__DUPLICATE_METHOD_MATCH = YES;
				CODE_SIGN_IDENTITY = "-";
				COPY_PHASE_STRIP = NO;
				DEBUG_INFORMATION_FORMAT = "dwarf-with-dsym";
				ENABLE_NS_ASSERTIONS = NO;
				ENABLE_STRICT_OBJC_MSGSEND = YES;
				GCC_C_LANGUAGE_STANDARD = gnu99;
				GCC_NO_COMMON_BLOCKS = YES;
				GCC_WARN_64_TO_32_BIT_CONVERSION = YES;
				GCC_WARN_ABOUT_RETURN_TYPE = YES_ERROR;
				GCC_WARN_UNDECLARED_SELECTOR = YES;
				GCC_WARN_UNINITIALIZED_AUTOS = YES_AGGRESSIVE;
				GCC_WARN_UNUSED_FUNCTION = YES;
				GCC_WARN_UNUSED_VARIABLE = YES;
				MACOSX_DEPLOYMENT_TARGET = 10.11;
				MTL_ENABLE_DEBUG_INFO = NO;
				SDKROOT = macosx;
			};
			name = Release;
		};
		30B8481C1CBE597800D145BC /* Debug */ = {
			isa = XCBuildConfiguration;
			buildSettings = {
				ASSETCATALOG_COMPILER_APPICON_NAME = AppIcon;
				CLANG_ENABLE_MODULES = YES;
				COMBINE_HIDPI_IMAGES = YES;
				INFOPLIST_FILE = "You life count/Info.plist";
				LD_RUNPATH_SEARCH_PATHS = "$(inherited) @executable_path/../Frameworks";
				PRODUCT_BUNDLE_IDENTIFIER = "com.filippov.You-life-count";
				PRODUCT_NAME = "$(TARGET_NAME)";
				SWIFT_OBJC_BRIDGING_HEADER = "You life count/You life count-Bridging-Header.h";
				SWIFT_OPTIMIZATION_LEVEL = "-Onone";
			};
			name = Debug;
		};
		30B8481D1CBE597800D145BC /* Release */ = {
			isa = XCBuildConfiguration;
			buildSettings = {
				ASSETCATALOG_COMPILER_APPICON_NAME = AppIcon;
				CLANG_ENABLE_MODULES = YES;
				COMBINE_HIDPI_IMAGES = YES;
				INFOPLIST_FILE = "You life count/Info.plist";
				LD_RUNPATH_SEARCH_PATHS = "$(inherited) @executable_path/../Frameworks";
				PRODUCT_BUNDLE_IDENTIFIER = "com.filippov.You-life-count";
				PRODUCT_NAME = "$(TARGET_NAME)";
				SWIFT_OBJC_BRIDGING_HEADER = "You life count/You life count-Bridging-Header.h";
			};
			name = Release;
		};
		30B8481F1CBE597800D145BC /* Debug */ = {
			isa = XCBuildConfiguration;
			buildSettings = {
				BUNDLE_LOADER = "$(TEST_HOST)";
				COMBINE_HIDPI_IMAGES = YES;
				INFOPLIST_FILE = "You life countTests/Info.plist";
				LD_RUNPATH_SEARCH_PATHS = "$(inherited) @executable_path/../Frameworks @loader_path/../Frameworks";
				PRODUCT_BUNDLE_IDENTIFIER = "com.filippov.You-life-countTests";
				PRODUCT_NAME = "$(TARGET_NAME)";
				TEST_HOST = "$(BUILT_PRODUCTS_DIR)/You life count.app/Contents/MacOS/You life count";
			};
			name = Debug;
		};
		30B848201CBE597800D145BC /* Release */ = {
			isa = XCBuildConfiguration;
			buildSettings = {
				BUNDLE_LOADER = "$(TEST_HOST)";
				COMBINE_HIDPI_IMAGES = YES;
				INFOPLIST_FILE = "You life countTests/Info.plist";
				LD_RUNPATH_SEARCH_PATHS = "$(inherited) @executable_path/../Frameworks @loader_path/../Frameworks";
				PRODUCT_BUNDLE_IDENTIFIER = "com.filippov.You-life-countTests";
				PRODUCT_NAME = "$(TARGET_NAME)";
				TEST_HOST = "$(BUILT_PRODUCTS_DIR)/You life count.app/Contents/MacOS/You life count";
			};
			name = Release;
		};
		30B848221CBE597800D145BC /* Debug */ = {
			isa = XCBuildConfiguration;
			buildSettings = {
				COMBINE_HIDPI_IMAGES = YES;
				INFOPLIST_FILE = "You life countUITests/Info.plist";
				LD_RUNPATH_SEARCH_PATHS = "$(inherited) @executable_path/../Frameworks @loader_path/../Frameworks";
				PRODUCT_BUNDLE_IDENTIFIER = "com.filippov.You-life-countUITests";
				PRODUCT_NAME = "$(TARGET_NAME)";
				TEST_TARGET_NAME = "You life count";
			};
			name = Debug;
		};
		30B848231CBE597800D145BC /* Release */ = {
			isa = XCBuildConfiguration;
			buildSettings = {
				COMBINE_HIDPI_IMAGES = YES;
				INFOPLIST_FILE = "You life countUITests/Info.plist";
				LD_RUNPATH_SEARCH_PATHS = "$(inherited) @executable_path/../Frameworks @loader_path/../Frameworks";
				PRODUCT_BUNDLE_IDENTIFIER = "com.filippov.You-life-countUITests";
				PRODUCT_NAME = "$(TARGET_NAME)";
				TEST_TARGET_NAME = "You life count";
			};
			name = Release;
		};
/* End XCBuildConfiguration section */

/* Begin XCConfigurationList section */
		30B847F11CBE597800D145BC /* Build configuration list for PBXProject "You life count" */ = {
			isa = XCConfigurationList;
			buildConfigurations = (
				30B848191CBE597800D145BC /* Debug */,
				30B8481A1CBE597800D145BC /* Release */,
			);
			defaultConfigurationIsVisible = 0;
			defaultConfigurationName = Release;
		};
		30B8481B1CBE597800D145BC /* Build configuration list for PBXNativeTarget "You life count" */ = {
			isa = XCConfigurationList;
			buildConfigurations = (
				30B8481C1CBE597800D145BC /* Debug */,
				30B8481D1CBE597800D145BC /* Release */,
			);
			defaultConfigurationIsVisible = 0;
		};
		30B8481E1CBE597800D145BC /* Build configuration list for PBXNativeTarget "You life countTests" */ = {
			isa = XCConfigurationList;
			buildConfigurations = (
				30B8481F1CBE597800D145BC /* Debug */,
				30B848201CBE597800D145BC /* Release */,
			);
			defaultConfigurationIsVisible = 0;
		};
		30B848211CBE597800D145BC /* Build configuration list for PBXNativeTarget "You life countUITests" */ = {
			isa = XCConfigurationList;
			buildConfigurations = (
				30B848221CBE597800D145BC /* Debug */,
				30B848231CBE597800D145BC /* Release */,
			);
			defaultConfigurationIsVisible = 0;
		};
/* End XCConfigurationList section */
	};
	rootObject = 30B847EE1CBE597800D145BC /* Project object */;
}
